{
    "_meta": {
        "hash": {
            "sha256": "db6a6e0cdcf5eda8e57c2e17f6b6c295b3278ffc18830986ea6a5140921fce04"
        },
        "pipfile-spec": 6,
        "requires": {
            "python_version": "3.8"
        },
        "sources": [
            {
                "name": "pypi",
                "url": "https://pypi.org/simple",
                "verify_ssl": true
            }
        ]
    },
    "default": {
        "aniso8601": {
            "hashes": [
                "sha256:1d2b7ef82963909e93c4f24ce48d4de9e66009a21bf1c1e1c85bdd0812fe412f",
                "sha256:72e3117667eedf66951bb2d93f4296a56b94b078a8a95905a052611fb3f1b973"
            ],
            "version": "==9.0.1"
        },
        "attrs": {
            "hashes": [
                "sha256:2d27e3784d7a565d36ab851fe94887c5eccd6a463168875832a1be79c82828b4",
                "sha256:626ba8234211db98e869df76230a137c4c40a12d72445c45d5f5b716f076e2fd"
            ],
            "markers": "python_version >= '2.7' and python_version not in '3.0, 3.1, 3.2, 3.3, 3.4'",
            "version": "==21.4.0"
        },
        "certifi": {
            "hashes": [
                "sha256:84c85a9078b11105f04f3036a9482ae10e4621616db313fe045dd24743a0820d",
                "sha256:fe86415d55e84719d75f8b69414f6438ac3547d2078ab91b67e779ef69378412"
            ],
            "markers": "python_version >= '3.6'",
            "version": "==2022.6.15"
        },
        "chardet": {
            "hashes": [
                "sha256:0d6f53a15db4120f2b08c94f11e7d93d2c911ee118b6b30a04ec3ee8310179fa",
                "sha256:f864054d66fd9118f2e67044ac8981a54775ec5b67aed0441892edb553d21da5"
            ],
            "markers": "python_version >= '2.7' and python_version not in '3.0, 3.1, 3.2, 3.3, 3.4'",
            "version": "==4.0.0"
        },
        "click": {
            "hashes": [
                "sha256:7682dc8afb30297001674575ea00d1814d808d6a36af415a82bd481d37ba7b8e",
                "sha256:bb4d8133cb15a609f44e8213d9b391b0809795062913b383c62be0ee95b1db48"
            ],
            "markers": "python_version >= '3.7'",
            "version": "==8.1.3"
        },
        "colorama": {
            "hashes": [
                "sha256:5941b2b48a20143d2267e95b1c2a7603ce057ee39fd88e7329b0c292aa16869b",
                "sha256:9f47eda37229f68eee03b24b9748937c7dc3868f906e8ba69fbcbdd3bc5dc3e2"
            ],
            "index": "pypi",
            "version": "==0.4.4"
        },
        "distro": {
            "hashes": [
                "sha256:151aeccf60c216402932b52e40ee477a939f8d58898927378a02abbe852c1c39",
                "sha256:d596311d707e692c2160c37807f83e3820c5d539d5a83e87cfb6babd8ba3a06b"
            ],
            "markers": "python_version >= '3.6'",
            "version": "==1.7.0"
        },
        "flask": {
            "hashes": [
                "sha256:4efa1ae2d7c9865af48986de8aeb8504bf32c7f3d6fdc9353d34b21f4b127060",
                "sha256:8a4fdd8936eba2512e9c85df320a37e694c93945b33ef33c89946a340a238557"
            ],
            "index": "pypi",
            "version": "==1.1.2"
        },
        "flask-restful": {
            "hashes": [
                "sha256:5ea9a5991abf2cb69b4aac19793faac6c032300505b325687d7c305ffaa76915",
                "sha256:d891118b951921f1cec80cabb4db98ea6058a35e6404788f9e70d5b243813ec2"
            ],
            "index": "pypi",
            "version": "==0.3.8"
        },
        "idna": {
            "hashes": [
                "sha256:b307872f855b18632ce0c21c5e45be78c0ea7ae4c15c828c20788b26921eb3f6",
                "sha256:b97d804b1e9b523befed77c48dacec60e6dcb0b5391d57af6a65a312a90648c0"
            ],
            "markers": "python_version >= '2.7' and python_version not in '3.0, 3.1, 3.2, 3.3'",
            "version": "==2.10"
        },
        "iniconfig": {
            "hashes": [
                "sha256:011e24c64b7f47f6ebd835bb12a743f2fbe9a26d4cecaa7f53bc4f35ee9da8b3",
                "sha256:bc3af051d7d14b2ee5ef9969666def0cd1a000e121eaea580d4a313df4b37f32"
            ],
            "version": "==1.1.1"
        },
        "itsdangerous": {
            "hashes": [
                "sha256:2c2349112351b88699d8d4b6b075022c0808887cb7ad10069318a8b0bc88db44",
                "sha256:5dbbc68b317e5e42f327f9021763545dc3fc3bfe22e6deb96aaf1fc38874156a"
            ],
            "markers": "python_version >= '3.7'",
            "version": "==2.1.2"
        },
        "jinja2": {
            "hashes": [
                "sha256:31351a702a408a9e7595a8fc6150fc3f43bb6bf7e319770cbc0db9df9437e852",
                "sha256:6088930bfe239f0e6710546ab9c19c9ef35e29792895fed6e6e31a023a182a61"
            ],
            "markers": "python_version >= '3.7'",
            "version": "==3.1.2"
        },
        "markupsafe": {
            "hashes": [
                "sha256:0212a68688482dc52b2d45013df70d169f542b7394fc744c02a57374a4207003",
                "sha256:089cf3dbf0cd6c100f02945abeb18484bd1ee57a079aefd52cffd17fba910b88",
                "sha256:10c1bfff05d95783da83491be968e8fe789263689c02724e0c691933c52994f5",
                "sha256:33b74d289bd2f5e527beadcaa3f401e0df0a89927c1559c8566c066fa4248ab7",
                "sha256:3799351e2336dc91ea70b034983ee71cf2f9533cdff7c14c90ea126bfd95d65a",
                "sha256:3ce11ee3f23f79dbd06fb3d63e2f6af7b12db1d46932fe7bd8afa259a5996603",
                "sha256:421be9fbf0ffe9ffd7a378aafebbf6f4602d564d34be190fc19a193232fd12b1",
                "sha256:43093fb83d8343aac0b1baa75516da6092f58f41200907ef92448ecab8825135",
                "sha256:46d00d6cfecdde84d40e572d63735ef81423ad31184100411e6e3388d405e247",
                "sha256:4a33dea2b688b3190ee12bd7cfa29d39c9ed176bda40bfa11099a3ce5d3a7ac6",
                "sha256:4b9fe39a2ccc108a4accc2676e77da025ce383c108593d65cc909add5c3bd601",
                "sha256:56442863ed2b06d19c37f94d999035e15ee982988920e12a5b4ba29b62ad1f77",
                "sha256:671cd1187ed5e62818414afe79ed29da836dde67166a9fac6d435873c44fdd02",
                "sha256:694deca8d702d5db21ec83983ce0bb4b26a578e71fbdbd4fdcd387daa90e4d5e",
                "sha256:6a074d34ee7a5ce3effbc526b7083ec9731bb3cbf921bbe1d3005d4d2bdb3a63",
                "sha256:6d0072fea50feec76a4c418096652f2c3238eaa014b2f94aeb1d56a66b41403f",
                "sha256:6fbf47b5d3728c6aea2abb0589b5d30459e369baa772e0f37a0320185e87c980",
                "sha256:7f91197cc9e48f989d12e4e6fbc46495c446636dfc81b9ccf50bb0ec74b91d4b",
                "sha256:86b1f75c4e7c2ac2ccdaec2b9022845dbb81880ca318bb7a0a01fbf7813e3812",
                "sha256:8dc1c72a69aa7e082593c4a203dcf94ddb74bb5c8a731e4e1eb68d031e8498ff",
                "sha256:8e3dcf21f367459434c18e71b2a9532d96547aef8a871872a5bd69a715c15f96",
                "sha256:8e576a51ad59e4bfaac456023a78f6b5e6e7651dcd383bcc3e18d06f9b55d6d1",
                "sha256:96e37a3dc86e80bf81758c152fe66dbf60ed5eca3d26305edf01892257049925",
                "sha256:97a68e6ada378df82bc9f16b800ab77cbf4b2fada0081794318520138c088e4a",
                "sha256:99a2a507ed3ac881b975a2976d59f38c19386d128e7a9a18b7df6fff1fd4c1d6",
                "sha256:a49907dd8420c5685cfa064a1335b6754b74541bbb3706c259c02ed65b644b3e",
                "sha256:b09bf97215625a311f669476f44b8b318b075847b49316d3e28c08e41a7a573f",
                "sha256:b7bd98b796e2b6553da7225aeb61f447f80a1ca64f41d83612e6139ca5213aa4",
                "sha256:b87db4360013327109564f0e591bd2a3b318547bcef31b468a92ee504d07ae4f",
                "sha256:bcb3ed405ed3222f9904899563d6fc492ff75cce56cba05e32eff40e6acbeaa3",
                "sha256:d4306c36ca495956b6d568d276ac11fdd9c30a36f1b6eb928070dc5360b22e1c",
                "sha256:d5ee4f386140395a2c818d149221149c54849dfcfcb9f1debfe07a8b8bd63f9a",
                "sha256:dda30ba7e87fbbb7eab1ec9f58678558fd9a6b8b853530e176eabd064da81417",
                "sha256:e04e26803c9c3851c931eac40c695602c6295b8d432cbe78609649ad9bd2da8a",
                "sha256:e1c0b87e09fa55a220f058d1d49d3fb8df88fbfab58558f1198e08c1e1de842a",
                "sha256:e72591e9ecd94d7feb70c1cbd7be7b3ebea3f548870aa91e2732960fa4d57a37",
                "sha256:e8c843bbcda3a2f1e3c2ab25913c80a3c5376cd00c6e8c4a86a89a28c8dc5452",
                "sha256:efc1913fd2ca4f334418481c7e595c00aad186563bbc1ec76067848c7ca0a933",
                "sha256:f121a1420d4e173a5d96e47e9a0c0dcff965afdf1626d28de1460815f7c4ee7a",
                "sha256:fc7b548b17d238737688817ab67deebb30e8073c95749d55538ed473130ec0c7"
            ],
            "markers": "python_version >= '3.7'",
            "version": "==2.1.1"
        },
        "numpy": {
            "hashes": [
                "sha256:0cfe07133fd00b27edee5e6385e333e9eeb010607e8a46e1cd673f05f8596595",
                "sha256:11a1f3816ea82eed4178102c56281782690ab5993251fdfd75039aad4d20385f",
                "sha256:2762331de395739c91f1abb88041f94a080cb1143aeec791b3b223976228af3f",
                "sha256:283d9de87c0133ef98f93dfc09fad3fb382f2a15580de75c02b5bb36a5a159a5",
                "sha256:3d22662b4b10112c545c91a0741f2436f8ca979ab3d69d03d19322aa970f9695",
                "sha256:41388e32e40b41dd56eb37fcaa7488b2b47b0adf77c66154d6b89622c110dfe9",
                "sha256:42c16cec1c8cf2728f1d539bd55aaa9d6bb48a7de2f41eb944697293ef65a559",
                "sha256:47ee7a839f5885bc0c63a74aabb91f6f40d7d7b639253768c4199b37aede7982",
                "sha256:5a311ee4d983c487a0ab546708edbdd759393a3dc9cd30305170149fedd23c88",
                "sha256:5dc65644f75a4c2970f21394ad8bea1a844104f0fe01f278631be1c7eae27226",
                "sha256:6ed0d073a9c54ac40c41a9c2d53fcc3d4d4ed607670b9e7b0de1ba13b4cbfe6f",
                "sha256:76ba7c40e80f9dc815c5e896330700fd6e20814e69da9c1267d65a4d051080f1",
                "sha256:818b9be7900e8dc23e013a92779135623476f44a0de58b40c32a15368c01d471",
                "sha256:a024181d7aef0004d76fb3bce2a4c9f2e67a609a9e2a6ff2571d30e9976aa383",
                "sha256:a955e4128ac36797aaffd49ab44ec74a71c11d6938df83b1285492d277db5397",
                "sha256:a97a954a8c2f046d3817c2bce16e3c7e9a9c2afffaf0400f5c16df5172a67c9c",
                "sha256:a97e82c39d9856fe7d4f9b86d8a1e66eff99cf3a8b7ba48202f659703d27c46f",
                "sha256:b55b953a1bdb465f4dc181758570d321db4ac23005f90ffd2b434cc6609a63dd",
                "sha256:bb02929b0d6bfab4c48a79bd805bd7419114606947ec8284476167415171f55b",
                "sha256:bece0a4a49e60e472a6d1f70ac6cdea00f9ab80ff01132f96bd970cdd8a9e5a9",
                "sha256:e41e8951749c4b5c9a2dc5fdbc1a4eec6ab2a140fdae9b460b0f557eed870f4d",
                "sha256:f71d57cc8645f14816ae249407d309be250ad8de93ef61d9709b45a0ddf4050c"
            ],
            "index": "pypi",
            "version": "==1.22.0"
        },
        "packaging": {
            "hashes": [
                "sha256:dd47c42927d89ab911e606518907cc2d3a1f38bbd026385970643f9c5b8ecfeb",
                "sha256:ef103e05f519cdc783ae24ea4e2e0f508a9c99b2d4969652eed6a2e1ea5bd522"
            ],
            "markers": "python_version >= '3.6'",
            "version": "==21.3"
        },
        "pandas": {
            "hashes": [
                "sha256:05ca6bda50123158eb15e716789083ca4c3b874fd47688df1716daa72644ee1c",
                "sha256:08b6bbe74ae2b3e4741a744d2bce35ce0868a6b4189d8b84be26bb334f73da4c",
                "sha256:14ed84b463e9b84c8ff9308a79b04bf591ae3122a376ee0f62c68a1bd917a773",
                "sha256:214ae60b1f863844e97c87f758c29940ffad96c666257323a4bb2a33c58719c2",
                "sha256:230de25bd9791748b2638c726a5f37d77a96a83854710110fadd068d1e2c2c9f",
                "sha256:26b4919eb3039a686a86cd4f4a74224f8f66e3a419767da26909dcdd3b37c31e",
                "sha256:4d33537a375cfb2db4d388f9a929b6582a364137ea6c6b161b0166440d6ffe36",
                "sha256:69a70d79a791fa1fd5f6e84b8b6dec2ec92369bde4ab2e18d43fc8a1825f51d1",
                "sha256:8ac028cd9a6e1efe43f3dc36f708263838283535cc45430a98b9803f44f4c84b",
                "sha256:a50cf3110a1914442e7b7b9cef394ef6bed0d801b8a34d56f4c4e927bbbcc7d0",
                "sha256:c43d1beb098a1da15934262009a7120aac8dafa20d042b31dab48c28868eb5a4",
                "sha256:c76a108272a4de63189b8f64086bbaf8348841d7e610b52f50959fbbf401524f",
                "sha256:cbad4155028b8ca66aa19a8b13f593ebbf51bfb6c3f2685fe64f04d695a81864",
                "sha256:e3c250faaf9979d0ec836d25e420428db37783fa5fed218da49c9fc06f80f51c",
                "sha256:e61a089151f1ed78682aa77a3bcae0495cf8e585546c26924857d7e8a9960568",
                "sha256:e9bbcc7b5c432600797981706f5b54611990c6a86b2e424329c995eea5f9c42b",
                "sha256:fbddbb20f30308ba2546193d64e18c23b69f59d48cdef73676cbed803495c8dc",
                "sha256:fc351cd2df318674669481eb978a7799f24fd14ef26987a1aa75105b0531d1a1"
            ],
            "index": "pypi",
            "version": "==1.2.2"
        },
        "pluggy": {
            "hashes": [
                "sha256:15b2acde666561e1298d71b523007ed7364de07029219b604cf808bfa1c765b0",
                "sha256:966c145cd83c96502c3c3868f50408687b38434af77734af1e9ca461a4081d2d"
            ],
            "markers": "python_version >= '2.7' and python_version not in '3.0, 3.1, 3.2, 3.3'",
            "version": "==0.13.1"
        },
        "py": {
            "hashes": [
                "sha256:51c75c4126074b472f746a24399ad32f6053d1b34b68d2fa41e558e6f4a98719",
                "sha256:607c53218732647dff4acdfcd50cb62615cedf612e72d1724fb1a0cc6405b378"
            ],
            "markers": "python_version >= '2.7' and python_version not in '3.0, 3.1, 3.2, 3.3, 3.4'",
            "version": "==1.11.0"
        },
        "pyparsing": {
            "hashes": [
                "sha256:2b020ecf7d21b687f219b71ecad3631f644a47f01403fa1d1036b0c6416d70fb",
                "sha256:5026bae9a10eeaefb61dab2f09052b9f4307d44aee4eda64b309723d8d206bbc"
            ],
            "markers": "python_full_version >= '3.6.8'",
            "version": "==3.0.9"
        },
        "pytest": {
            "hashes": [
                "sha256:9d1edf9e7d0b84d72ea3dbcdfd22b35fb543a5e8f2a60092dd578936bf63d7f9",
                "sha256:b574b57423e818210672e07ca1fa90aaf194a4f63f3ab909a2c67ebb22913839"
            ],
            "index": "pypi",
            "version": "==6.2.2"
        },
        "python-dateutil": {
            "hashes": [
                "sha256:0123cacc1627ae19ddf3c27a5de5bd67ee4586fbdd6440d9748f8abb483d3e86",
                "sha256:961d03dc3453ebbc59dbdea9e4e11c5651520a876d0f4db161e8674aae935da9"
            ],
            "markers": "python_version >= '2.7' and python_version not in '3.0, 3.1, 3.2, 3.3'",
            "version": "==2.8.2"
        },
        "pytz": {
            "hashes": [
                "sha256:1e760e2fe6a8163bc0b3d9a19c4f84342afa0a2affebfaa84b01b978a02ecaa7",
                "sha256:e68985985296d9a66a881eb3193b0906246245294a881e7c8afe623866ac6a5c"
            ],
            "version": "==2022.1"
        },
        "requests": {
            "hashes": [
                "sha256:27973dd4a904a4f13b263a19c866c13b92a39ed1c964655f025f3f8d3d75b804",
                "sha256:c210084e36a42ae6b9219e00e48287def368a26d03a048ddad7bfee44f75871e"
            ],
            "index": "pypi",
            "version": "==2.25.1"
        },
        "six": {
            "hashes": [
                "sha256:1e61c37477a1626458e36f7b1d82aa5c9b094fa4802892072e49de9c60c4c926",
                "sha256:8abb2f1d86890a2dfb989f9a77cfcfd3e47c2a354b01111771326f8aa26e0254"
            ],
            "markers": "python_version >= '2.7' and python_version not in '3.0, 3.1, 3.2, 3.3'",
            "version": "==1.16.0"
        },
        "sqlalchemy": {
            "hashes": [
                "sha256:040bdfc1d76a9074717a3f43455685f781c581f94472b010cd6c4754754e1862",
                "sha256:1fe5d8d39118c2b018c215c37b73fd6893c3e1d4895be745ca8ff6eb83333ed3",
                "sha256:23927c3981d1ec6b4ea71eb99d28424b874d9c696a21e5fbd9fa322718be3708",
                "sha256:24f9569e82a009a09ce2d263559acb3466eba2617203170e4a0af91e75b4f075",
                "sha256:2578dbdbe4dbb0e5126fb37ffcd9793a25dcad769a95f171a2161030bea850ff",
                "sha256:269990b3ab53cb035d662dcde51df0943c1417bdab707dc4a7e4114a710504b4",
                "sha256:29cccc9606750fe10c5d0e8bd847f17a97f3850b8682aef1f56f5d5e1a5a64b1",
                "sha256:37b83bf81b4b85dda273aaaed5f35ea20ad80606f672d94d2218afc565fb0173",
                "sha256:63677d0c08524af4c5893c18dbe42141de7178001360b3de0b86217502ed3601",
                "sha256:639940bbe1108ac667dcffc79925db2966826c270112e9159439ab6bb14f8d80",
                "sha256:6a939a868fdaa4b504e8b9d4a61f21aac11e3fecc8a8214455e144939e3d2aea",
                "sha256:6b8b8c80c7f384f06825612dd078e4a31f0185e8f1f6b8c19e188ff246334205",
                "sha256:6c9e6cc9237de5660bcddea63f332428bb83c8e2015c26777281f7ffbd2efb84",
                "sha256:6ec1044908414013ebfe363450c22f14698803ce97fbb47e53284d55c5165848",
                "sha256:6fca33672578666f657c131552c4ef8979c1606e494f78cd5199742dfb26918b",
                "sha256:751934967f5336a3e26fc5993ccad1e4fee982029f9317eb6153bc0bc3d2d2da",
                "sha256:8be835aac18ec85351385e17b8665bd4d63083a7160a017bef3d640e8e65cadb",
                "sha256:927ce09e49bff3104459e1451ce82983b0a3062437a07d883a4c66f0b344c9b5",
                "sha256:94208867f34e60f54a33a37f1c117251be91a47e3bfdb9ab8a7847f20886ad06",
                "sha256:94f667d86be82dd4cb17d08de0c3622e77ca865320e0b95eae6153faa7b4ecaf",
                "sha256:9e9c25522933e569e8b53ccc644dc993cab87e922fb7e142894653880fdd419d",
                "sha256:a0e306e9bb76fd93b29ae3a5155298e4c1b504c7cbc620c09c20858d32d16234",
                "sha256:a8bfc1e1afe523e94974132d7230b82ca7fa2511aedde1f537ec54db0399541a",
                "sha256:ac2244e64485c3778f012951fdc869969a736cd61375fde6096d08850d8be729",
                "sha256:b4b0e44d586cd64b65b507fa116a3814a1a53d55dce4836d7c1a6eb2823ff8d1",
                "sha256:baeb451ee23e264de3f577fee5283c73d9bbaa8cb921d0305c0bbf700094b65b",
                "sha256:c7dc052432cd5d060d7437e217dd33c97025287f99a69a50e2dc1478dd610d64",
                "sha256:d1a85dfc5dee741bf49cb9b6b6b8d2725a268e4992507cf151cba26b17d97c37",
                "sha256:d90010304abb4102123d10cbad2cdf2c25a9f2e66a50974199b24b468509bad5",
                "sha256:ddfb511e76d016c3a160910642d57f4587dc542ce5ee823b0d415134790eeeb9",
                "sha256:e273367f4076bd7b9a8dc2e771978ef2bfd6b82526e80775a7db52bff8ca01dd",
                "sha256:e5bb3463df697279e5459a7316ad5a60b04b0107f9392e88674d0ece70e9cf70",
                "sha256:e8a1750b44ad6422ace82bf3466638f1aa0862dbb9689690d5f2f48cce3476c8",
                "sha256:eab063a70cca4a587c28824e18be41d8ecc4457f8f15b2933584c6c6cccd30f0",
                "sha256:ecce8c021894a77d89808222b1ff9687ad84db54d18e4bd0500ca766737faaf6",
                "sha256:f4d972139d5000105fcda9539a76452039434013570d6059993120dc2a65e447",
                "sha256:fd3b96f8c705af8e938eaa99cbd8fd1450f632d38cad55e7367c33b263bf98ec",
                "sha256:fdd2ed7395df8ac2dbb10cefc44737b66c6a5cd7755c92524733d7a443e5b7e2"
            ],
            "index": "pypi",
            "version": "==1.3.23"
        },
        "tabula-py": {
            "hashes": [
                "sha256:ab225dcc1715a8e1c64dce57efc5318f18ff7c4ef2398bbd8787591c0d6edcbb",
                "sha256:bb4b8bb37616b4baf74deed7114e75bfcf0faa41bc55d2aa04834f56a98ab838"
            ],
            "index": "pypi",
            "version": "==2.2.0"
        },
        "toml": {
            "hashes": [
                "sha256:806143ae5bfb6a3c6e736a764057db0e6a0e05e338b5630894a5f779cabb4f9b",
                "sha256:b3bda1d108d5dd99f4a20d24d9c348e91c4db7ab1b749200bded2f839ccbe68f"
            ],
            "markers": "python_version >= '2.6' and python_version not in '3.0, 3.1, 3.2, 3.3'",
            "version": "==0.10.2"
        },
        "urllib3": {
            "hashes": [
                "sha256:44ece4d53fb1706f667c9bd1c648f5469a2ec925fcf3a776667042d645472c14",
                "sha256:aabaf16477806a5e1dd19aa41f8c2b7950dd3c746362d7e3223dbe6de6ac448e"
            ],
            "markers": "python_version >= '2.7' and python_version not in '3.0, 3.1, 3.2, 3.3, 3.4' and python_version < '4'",
            "version": "==1.26.9"
        },
        "werkzeug": {
            "hashes": [
                "sha256:1ce08e8093ed67d638d63879fd1ba3735817f7a80de3674d293f5984f25fb6e6",
                "sha256:72a4b735692dd3135217911cbeaa1be5fa3f62bffb8745c5215420a03dc55255"
            ],
            "markers": "python_version >= '3.7'",
            "version": "==2.1.2"
        }
    },
    "develop": {}
}
